
Microsoft Visual Studio Solution File, Format Version 9.00
# Visual Studio 2005
Project("{FAE04EC0-301F-11D3-BF4B-00C04F79EFBC}") = "ServerControlLibrary", "ServerControlLibrary\ServerControlLibrary.csproj", "{94605581-85D6-45E1-91A2-0465E5A891DE}"
EndProject
Project("{E24C65DC-7377-472B-9ABA-BC803B73C61A}") = "E:\...\ServerControlSite\", "ServerControlSite\", "{B9D1788D-222D-485A-B0C6-D4CC4083F97E}"
	ProjectSection(WebsiteProperties) = preProject
		ProjectReferences = "{94605581-85D6-45E1-91A2-0465E5A891DE}|ServerControlLibrary.dll;"
		Debug.AspNetCompiler.VirtualPath = "/ServerControlSite"
		Debug.AspNetCompiler.PhysicalPath = "..\ServerControlSite\"
		Debug.AspNetCompiler.TargetPath = "PrecompiledWeb\ServerControlSite\"
		Debug.AspNetCompiler.Updateable = "true"
		Debug.AspNetCompiler.ForceOverwrite = "true"
		Debug.AspNetCompiler.FixedNames = "false"
		Debug.AspNetCompiler.Debug = "True"
		Release.AspNetCompiler.VirtualPath = "/ServerControlSite"
		Release.AspNetCompiler.PhysicalPath = "..\ServerControlSite\"
		Release.AspNetCompiler.TargetPath = "PrecompiledWeb\ServerControlSite\"
		Release.AspNetCompiler.Updateable = "true"
		Release.AspNetCompiler.ForceOverwrite = "true"
		Release.AspNetCompiler.FixedNames = "false"
		Release.AspNetCompiler.Debug = "False"
		VWDPort = "4574"
		DefaultWebSiteLanguage = "Visual C#"
	EndProjectSection
EndProject
Global
	GlobalSection(SolutionConfigurationPlatforms) = preSolution
		Debug|.NET = Debug|.NET
		Debug|Any CPU = Debug|Any CPU
		Debug|Mixed Platforms = Debug|Mixed Platforms
		Release|.NET = Release|.NET
		Release|Any CPU = Release|Any CPU
		Release|Mixed Platforms = Release|Mixed Platforms
	EndGlobalSection
	GlobalSection(ProjectConfigurationPlatforms) = postSolution
		{94605581-85D6-45E1-91A2-0465E5A891DE}.Debug|.NET.ActiveCfg = Debug|Any CPU
		{94605581-85D6-45E1-91A2-0465E5A891DE}.Debug|Any CPU.ActiveCfg = Debug|Any CPU
		{94605581-85D6-45E1-91A2-0465E5A891DE}.Debug|Any CPU.Build.0 = Debug|Any CPU
		{94605581-85D6-45E1-91A2-0465E5A891DE}.Debug|Mixed Platforms.ActiveCfg = Debug|Any CPU
		{94605581-85D6-45E1-91A2-0465E5A891DE}.Debug|Mixed Platforms.Build.0 = Debug|Any CPU
		{94605581-85D6-45E1-91A2-0465E5A891DE}.Release|.NET.ActiveCfg = Release|Any CPU
		{94605581-85D6-45E1-91A2-0465E5A891DE}.Release|Any CPU.ActiveCfg = Release|Any CPU
		{94605581-85D6-45E1-91A2-0465E5A891DE}.Release|Any CPU.Build.0 = Release|Any CPU
		{94605581-85D6-45E1-91A2-0465E5A891DE}.Release|Mixed Platforms.ActiveCfg = Release|Any CPU
		{94605581-85D6-45E1-91A2-0465E5A891DE}.Release|Mixed Platforms.Build.0 = Release|Any CPU
		{B9D1788D-222D-485A-B0C6-D4CC4083F97E}.Debug|.NET.ActiveCfg = Debug|.NET
		{B9D1788D-222D-485A-B0C6-D4CC4083F97E}.Debug|.NET.Build.0 = Debug|.NET
		{B9D1788D-222D-485A-B0C6-D4CC4083F97E}.Debug|Any CPU.ActiveCfg = Debug|.NET
		{B9D1788D-222D-485A-B0C6-D4CC4083F97E}.Debug|Mixed Platforms.ActiveCfg = Debug|.NET
		{B9D1788D-222D-485A-B0C6-D4CC4083F97E}.Debug|Mixed Platforms.Build.0 = Debug|.NET
		{B9D1788D-222D-485A-B0C6-D4CC4083F97E}.Release|.NET.ActiveCfg = Debug|.NET
		{B9D1788D-222D-485A-B0C6-D4CC4083F97E}.Release|.NET.Build.0 = Debug|.NET
		{B9D1788D-222D-485A-B0C6-D4CC4083F97E}.Release|Any CPU.ActiveCfg = Debug|.NET
		{B9D1788D-222D-485A-B0C6-D4CC4083F97E}.Release|Mixed Platforms.ActiveCfg = Debug|.NET
		{B9D1788D-222D-485A-B0C6-D4CC4083F97E}.Release|Mixed Platforms.Build.0 = Debug|.NET
	EndGlobalSection
	GlobalSection(SolutionProperties) = preSolution
		HideSolutionNode = FALSE
	EndGlobalSection
EndGlobal
